# This file is automatically @generated by Cargo.
# It is not intended for manual editing.
version = 3

[[package]]
name = "bitflags"
version = "0.1.1"
source = "registry+https://github.com/rust-lang/crates.io-index"
checksum = "2a6577517ecd0ee0934f48a7295a89aaef3e6dfafeac404f94c0b3448518ddfe"

[[package]]
name = "conduit-mime-types"
version = "0.7.3"
source = "registry+https://github.com/rust-lang/crates.io-index"
checksum = "95ca30253581af809925ef68c2641cc140d6183f43e12e0af4992d53768bd7b8"
dependencies = [
 "rustc-serialize",
]

[[package]]
name = "cookie"
version = "0.16.0"
source = "registry+https://github.com/rust-lang/crates.io-index"
checksum = "94d4706de1b0fa5b132270cddffa8585166037822e260a944fe161acd137ca05"
dependencies = [
 "time 0.3.9",
 "version_check",
]

[[package]]
name = "error"
version = "0.1.7"
source = "registry+https://github.com/rust-lang/crates.io-index"
checksum = "aa18f32e8cb5262901fe4fd9ea0d44607b029605a6e0a84bcdf97e70539c7b4a"
dependencies = [
 "traitobject",
 "typeable",
]

[[package]]
name = "gcc"
version = "0.3.5"
source = "registry+https://github.com/rust-lang/crates.io-index"
checksum = "0c2210f2b93a3bb3ee26c639f12c65a21221b827ab7db105476e3f055e5c4589"

[[package]]
name = "httparse"
version = "0.1.1"
source = "registry+https://github.com/rust-lang/crates.io-index"
checksum = "4d0fa215a9ef02c0521fa0f51f0ac7d3380c9eee16dd080810827ef799d37926"

[[package]]
name = "hyper"
version = "0.4.0"
source = "registry+https://github.com/rust-lang/crates.io-index"
checksum = "6d6579911553528994f2c99db6ae1cf5d71e3b8b2a618fbded55185bc8f3395d"
dependencies = [
 "cookie",
 "httparse",
 "log",
 "mime",
 "num_cpus",
 "openssl",
 "rustc-serialize",
 "time 0.1.25",
 "traitobject",
 "typeable",
 "unicase",
 "url",
]

[[package]]
name = "iron"
version = "0.1.17"
source = "registry+https://github.com/rust-lang/crates.io-index"
checksum = "a264c420bbf49220146430ccd7335fd1b46aeafdd7cbfe03be5703d3670034a9"
dependencies = [
 "conduit-mime-types",
 "error",
 "hyper",
 "lazy_static",
 "log",
 "modifier",
 "num_cpus",
 "plugin",
 "typemap",
 "url",
]

[[package]]
name = "itoa"
version = "1.0.2"
source = "registry+https://github.com/rust-lang/crates.io-index"
checksum = "112c678d4050afce233f4f2852bb2eb519230b3cf12f33585275537d7e41578d"

[[package]]
name = "lazy_static"
version = "0.1.10"
source = "registry+https://github.com/rust-lang/crates.io-index"
checksum = "070e26ced182c7c6bd53eb30e396c0edcdee5a96b440c2ba41d92e1d364f9bf6"

[[package]]
name = "libc"
version = "0.1.7"
source = "registry+https://github.com/rust-lang/crates.io-index"
checksum = "3ba807e82d5a0728b7ffa848a2707eebaa5234331d4f84abda8117aae39af10b"

[[package]]
name = "libc"
version = "0.2.126"
source = "registry+https://github.com/rust-lang/crates.io-index"
checksum = "349d5a591cd28b49e1d1037471617a32ddcda5731b99419008085f72d5a53836"

[[package]]
name = "libressl-pnacl-sys"
version = "2.1.5"
source = "registry+https://github.com/rust-lang/crates.io-index"
checksum = "aebb4b32c6b607f737d921dde41712e00905a77f5968b5471466534e34ab447c"
dependencies = [
 "pnacl-build-helper",
]

[[package]]
name = "log"
version = "0.3.1"
source = "registry+https://github.com/rust-lang/crates.io-index"
checksum = "d2ee3324e161fe61168b08bcd096f1e023d14f0777a076ba14d1825ea3b99d40"
dependencies = [
 "libc 0.1.7",
]

[[package]]
name = "matches"
version = "0.1.2"
source = "registry+https://github.com/rust-lang/crates.io-index"
checksum = "15305656809ce5a4805b1ff2946892810992197ce1270ff79baded852187942e"

[[package]]
name = "mime"
version = "0.0.11"
source = "registry+https://github.com/rust-lang/crates.io-index"
checksum = "75a557e11da601c142fff546afa8fb97e812fa3180bb2540bbd1e57893867fe1"
dependencies = [
 "log",
]

[[package]]
name = "modifier"
version = "0.1.0"
source = "registry+https://github.com/rust-lang/crates.io-index"
checksum = "41f5c9112cb662acd3b204077e0de5bc66305fa8df65c8019d5adb10e9ab6e58"

[[package]]
name = "num_cpus"
version = "0.2.5"
source = "registry+https://github.com/rust-lang/crates.io-index"
checksum = "0c518ca4cd9bfbab11ed1bc6f93e8580751e1e1ac4f8066a850290d02071f550"
dependencies = [
 "libc 0.1.7",
]

[[package]]
name = "num_threads"
version = "0.1.6"
source = "registry+https://github.com/rust-lang/crates.io-index"
checksum = "2819ce041d2ee131036f4fc9d6ae7ae125a3a40e97ba64d04fe799ad9dabbb44"
dependencies = [
 "libc 0.2.126",
]

[[package]]
name = "openssl"
version = "0.6.2"
source = "registry+https://github.com/rust-lang/crates.io-index"
checksum = "3eb9177f6e48ea06acfa25820e063c5c14a22d00aa1036843b9a8afd76d13209"
dependencies = [
 "bitflags",
 "lazy_static",
 "libc 0.1.7",
 "openssl-sys",
]

[[package]]
name = "openssl-sys"
version = "0.6.2"
source = "registry+https://github.com/rust-lang/crates.io-index"
checksum = "c71176e711c8cac71c002e12f239849b190d96e491dfb88b79cef21725120de2"
dependencies = [
 "gcc",
 "libc 0.1.7",
 "libressl-pnacl-sys",
 "pkg-config",
]

[[package]]
name = "pkg-config"
version = "0.3.4"
source = "registry+https://github.com/rust-lang/crates.io-index"
checksum = "0b9f5685d8083d3955a9b8c97670d6bd8aa7d54877c778a1ca3afed54987b485"

[[package]]
name = "plugin"
version = "0.2.6"
source = "registry+https://github.com/rust-lang/crates.io-index"
checksum = "1a6a0dc3910bc8db877ffed8e457763b317cf880df4ae19109b9f77d277cf6e0"
dependencies = [
 "typemap",
]

[[package]]
name = "pnacl-build-helper"
version = "1.4.0"
source = "registry+https://github.com/rust-lang/crates.io-index"
checksum = "5091115a532f2f9c036e178b9f800de59208a666896947650bed9026e754e1da"
dependencies = [
 "tempdir",
]

[[package]]
name = "rand"
version = "0.3.8"
source = "registry+https://github.com/rust-lang/crates.io-index"
checksum = "b674087a811e0f96133764b93f2f95ab843c0ade512ca52fd5df732c93d4c596"
dependencies = [
 "libc 0.1.7",
]

[[package]]
name = "route-recognizer"
version = "0.1.11"
source = "registry+https://github.com/rust-lang/crates.io-index"
checksum = "4f0a750d020adb1978f5964ea7bca830585899b09da7cbb3f04961fc2400122d"

[[package]]
name = "router"
version = "0.0.10"
source = "git+https://github.com/iron/router.git#a0bade4890ad483d7d9cf93af8095ea9bf5cf834"
dependencies = [
 "iron",
 "route-recognizer",
]

[[package]]
name = "rust-webserver"
version = "1.0.0"
dependencies = [
 "iron",
 "router",
 "rustc-serialize",
]

[[package]]
name = "rustc-serialize"
version = "0.3.14"
source = "registry+https://github.com/rust-lang/crates.io-index"
checksum = "3b47eae5c2234693d9f19071713ae6140b1021390f41b87c313108d419b3bbe8"

[[package]]
name = "tempdir"
version = "0.3.4"
source = "registry+https://github.com/rust-lang/crates.io-index"
checksum = "0b62933a3f96cd559700662c34f8bab881d9e3540289fb4f368419c7f13a5aa9"
dependencies = [
 "rand",
]

[[package]]
name = "time"
version = "0.1.25"
source = "registry+https://github.com/rust-lang/crates.io-index"
checksum = "f20e102bca8f92bbd42eefad5ec66e4d74701849de4ac348051b7536721c8a19"
dependencies = [
 "gcc",
 "libc 0.1.7",
]

[[package]]
name = "time"
version = "0.3.9"
source = "registry+https://github.com/rust-lang/crates.io-index"
checksum = "c2702e08a7a860f005826c6815dcac101b19b5eb330c27fe4a5928fec1d20ddd"
dependencies = [
 "itoa",
 "libc 0.2.126",
 "num_threads",
 "time-macros",
]

[[package]]
name = "time-macros"
version = "0.2.4"
source = "registry+https://github.com/rust-lang/crates.io-index"
checksum = "42657b1a6f4d817cda8e7a0ace261fe0cc946cf3a80314390b22cc61ae080792"

[[package]]
name = "traitobject"
version = "0.0.1"
source = "registry+https://github.com/rust-lang/crates.io-index"
checksum = "07eaeb7689bb7fca7ce15628319635758eda769fed481ecfe6686ddef2600616"

[[package]]
name = "typeable"
version = "0.1.1"
source = "registry+https://github.com/rust-lang/crates.io-index"
checksum = "9adb3f71326ace0aacfed8344346f12761e75a4bebe6b979ed786943c47f6e0a"

[[package]]
name = "typemap"
version = "0.3.1"
source = "registry+https://github.com/rust-lang/crates.io-index"
checksum = "5600646831f82ec0df769dbc7f34f6600bfc937860f9e0bcb991bff92f95abc8"
dependencies = [
 "unsafe-any",
]

[[package]]
name = "unicase"
version = "0.1.0"
source = "registry+https://github.com/rust-lang/crates.io-index"
checksum = "eb36c77a753bc1b3e70d48b356fcdd97a23e6efca007b280dc020dd112018bfb"

[[package]]
name = "unsafe-any"
version = "0.4.1"
source = "registry+https://github.com/rust-lang/crates.io-index"
checksum = "b351086021ebc264aea3ab4f94d61d889d98e5e9ec2d985d993f50133537fd3a"
dependencies = [
 "traitobject",
]

[[package]]
name = "url"
version = "0.2.34"
source = "registry+https://github.com/rust-lang/crates.io-index"
checksum = "a78bb74d73cbcf7db3be1ffd20f51149179d746633e4037cd0c010be3e3245fc"
dependencies = [
 "matches",
 "rustc-serialize",
]

[[package]]
name = "version_check"
version = "0.9.4"
source = "registry+https://github.com/rust-lang/crates.io-index"
checksum = "49874b5167b65d7193b8aba1567f5c7d93d001cafc34600cee003eda787e483f"
